
Microsoft Visual Studio Solution File, Format Version 12.00
# Visual Studio Version 17
VisualStudioVersion = 17.11.35327.3
MinimumVisualStudioVersion = 10.0.40219.1
Project("{FAE04EC0-301F-11D3-BF4B-00C04F79EFBC}") = "SerialTest", "SerialTest\SerialTest.csproj", "{CD3C3632-104F-495A-89B0-AE42E742E5CF}"
EndProject
Global
	GlobalSection(SolutionConfigurationPlatforms) = preSolution
		Debug|Any CPU = Debug|Any CPU
		Release|Any CPU = Release|Any CPU
	EndGlobalSection
	GlobalSection(ProjectConfigurationPlatforms) = postSolution
		{CD3C3632-104F-495A-89B0-AE42E742E5CF}.Debug|Any CPU.ActiveCfg = Debug|Any CPU
		{CD3C3632-104F-495A-89B0-AE42E742E5CF}.Debug|Any CPU.Build.0 = Debug|Any CPU
		{CD3C3632-104F-495A-89B0-AE42E742E5CF}.Release|Any CPU.ActiveCfg = Release|Any CPU
		{CD3C3632-104F-495A-89B0-AE42E742E5CF}.Release|Any CPU.Build.0 = Release|Any CPU
	EndGlobalSection
	GlobalSection(SolutionProperties) = preSolution
		HideSolutionNode = FALSE
	EndGlobalSection
	GlobalSection(ExtensibilityGlobals) = postSolution
		SolutionGuid = {101FD90A-95AC-4639-864B-3510FFF56744}
	EndGlobalSection
EndGlobal
